// !$*UTF8*$!
{
	archiveVersion = 1;
	classes = {
	};
	objectVersion = 55;
	objects = {

/* Begin PBXBuildFile section */
		8543C7EC2768F33300040A57 /* AppDelegate.swift in Sources */ = {isa = PBXBuildFile; fileRef = 8543C7EB2768F33300040A57 /* AppDelegate.swift */; };
		8543C7EE2768F33300040A57 /* SceneDelegate.swift in Sources */ = {isa = PBXBuildFile; fileRef = 8543C7ED2768F33300040A57 /* SceneDelegate.swift */; };
		8543C7F02768F33300040A57 /* ViewController.swift in Sources */ = {isa = PBXBuildFile; fileRef = 8543C7EF2768F33300040A57 /* ViewController.swift */; };
		8543C7F32768F33300040A57 /* Main.storyboard in Resources */ = {isa = PBXBuildFile; fileRef = 8543C7F12768F33300040A57 /* Main.storyboard */; };
		8543C7F62768F33300040A57 /* My_Dogs.xcdatamodeld in Sources */ = {isa = PBXBuildFile; fileRef = 8543C7F42768F33300040A57 /* My_Dogs.xcdatamodeld */; };
		8543C7F82768F33500040A57 /* Assets.xcassets in Resources */ = {isa = PBXBuildFile; fileRef = 8543C7F72768F33500040A57 /* Assets.xcassets */; };
		8543C7FB2768F33500040A57 /* LaunchScreen.storyboard in Resources */ = {isa = PBXBuildFile; fileRef = 8543C7F92768F33500040A57 /* LaunchScreen.storyboard */; };
		8543C8032768F51C00040A57 /* CollectionViewController.swift in Sources */ = {isa = PBXBuildFile; fileRef = 8543C8022768F51C00040A57 /* CollectionViewController.swift */; };
		85C39A7D2770EE5F008FC2E5 /* AddDogDelegate.swift in Sources */ = {isa = PBXBuildFile; fileRef = 85C39A7C2770EE5F008FC2E5 /* AddDogDelegate.swift */; };
		85C39A7F2770F1A6008FC2E5 /* DogCollectionViewCell.swift in Sources */ = {isa = PBXBuildFile; fileRef = 85C39A7E2770F1A6008FC2E5 /* DogCollectionViewCell.swift */; };
/* End PBXBuildFile section */

/* Begin PBXFileReference section */
		8543C7E82768F33300040A57 /* My Dogs.app */ = {isa = PBXFileReference; explicitFileType = wrapper.application; includeInIndex = 0; path = "My Dogs.app"; sourceTree = BUILT_PRODUCTS_DIR; };
		8543C7EB2768F33300040A57 /* AppDelegate.swift */ = {isa = PBXFileReference; lastKnownFileType = sourcecode.swift; path = AppDelegate.swift; sourceTree = "<group>"; };
		8543C7ED2768F33300040A57 /* SceneDelegate.swift */ = {isa = PBXFileReference; lastKnownFileType = sourcecode.swift; path = SceneDelegate.swift; sourceTree = "<group>"; };
		8543C7EF2768F33300040A57 /* ViewController.swift */ = {isa = PBXFileReference; lastKnownFileType = sourcecode.swift; path = ViewController.swift; sourceTree = "<group>"; };
		8543C7F22768F33300040A57 /* Base */ = {isa = PBXFileReference; lastKnownFileType = file.storyboard; name = Base; path = Base.lproj/Main.storyboard; sourceTree = "<group>"; };
		8543C7F52768F33300040A57 /* My_Dogs.xcdatamodel */ = {isa = PBXFileReference; lastKnownFileType = wrapper.xcdatamodel; path = My_Dogs.xcdatamodel; sourceTree = "<group>"; };
		8543C7F72768F33500040A57 /* Assets.xcassets */ = {isa = PBXFileReference; lastKnownFileType = folder.assetcatalog; path = Assets.xcassets; sourceTree = "<group>"; };
		8543C7FA2768F33500040A57 /* Base */ = {isa = PBXFileReference; lastKnownFileType = file.storyboard; name = Base; path = Base.lproj/LaunchScreen.storyboard; sourceTree = "<group>"; };
		8543C7FC2768F33500040A57 /* Info.plist */ = {isa = PBXFileReference; lastKnownFileType = text.plist.xml; path = Info.plist; sourceTree = "<group>"; };
		8543C8022768F51C00040A57 /* CollectionViewController.swift */ = {isa = PBXFileReference; lastKnownFileType = sourcecode.swift; path = CollectionViewController.swift; sourceTree = "<group>"; };
		85C39A7C2770EE5F008FC2E5 /* AddDogDelegate.swift */ = {isa = PBXFileReference; lastKnownFileType = sourcecode.swift; path = AddDogDelegate.swift; sourceTree = "<group>"; };
		85C39A7E2770F1A6008FC2E5 /* DogCollectionViewCell.swift */ = {isa = PBXFileReference; lastKnownFileType = sourcecode.swift; path = DogCollectionViewCell.swift; sourceTree = "<group>"; };
/* End PBXFileReference section */

/* Begin PBXFrameworksBuildPhase section */
		8543C7E52768F33300040A57 /* Frameworks */ = {
			isa = PBXFrameworksBuildPhase;
			buildActionMask = 2147483647;
			files = (
			);
			runOnlyForDeploymentPostprocessing = 0;
		};
/* End PBXFrameworksBuildPhase section */

/* Begin PBXGroup section */
		8543C7DF2768F33300040A57 = {
			isa = PBXGroup;
			children = (
				8543C7EA2768F33300040A57 /* My Dogs */,
				8543C7E92768F33300040A57 /* Products */,
			);
			sourceTree = "<group>";
		};
		8543C7E92768F33300040A57 /* Products */ = {
			isa = PBXGroup;
			children = (
				8543C7E82768F33300040A57 /* My Dogs.app */,
			);
			name = Products;
			sourceTree = "<group>";
		};
		8543C7EA2768F33300040A57 /* My Dogs */ = {
			isa = PBXGroup;
			children = (
				8543C7EB2768F33300040A57 /* AppDelegate.swift */,
				8543C7ED2768F33300040A57 /* SceneDelegate.swift */,
				8543C7EF2768F33300040A57 /* ViewController.swift */,
				8543C7F12768F33300040A57 /* Main.storyboard */,
				8543C7F72768F33500040A57 /* Assets.xcassets */,
				8543C7F92768F33500040A57 /* LaunchScreen.storyboard */,
				8543C7FC2768F33500040A57 /* Info.plist */,
				8543C7F42768F33300040A57 /* My_Dogs.xcdatamodeld */,
				8543C8022768F51C00040A57 /* CollectionViewController.swift */,
				85C39A7C2770EE5F008FC2E5 /* AddDogDelegate.swift */,
				85C39A7E2770F1A6008FC2E5 /* DogCollectionViewCell.swift */,
			);
			path = "My Dogs";
			sourceTree = "<group>";
		};
/* End PBXGroup section */

/* Begin PBXNativeTarget section */
		8543C7E72768F33300040A57 /* My Dogs */ = {
			isa = PBXNativeTarget;
			buildConfigurationList = 8543C7FF2768F33500040A57 /* Build configuration list for PBXNativeTarget "My Dogs" */;
			buildPhases = (
				8543C7E42768F33300040A57 /* Sources */,
				8543C7E52768F33300040A57 /* Frameworks */,
				8543C7E62768F33300040A57 /* Resources */,
			);
			buildRules = (
			);
			dependencies = (
			);
			name = "My Dogs";
			productName = "My Dogs";
			productReference = 8543C7E82768F33300040A57 /* My Dogs.app */;
			productType = "com.apple.product-type.application";
		};
/* End PBXNativeTarget section */

/* Begin PBXProject section */
		8543C7E02768F33300040A57 /* Project object */ = {
			isa = PBXProject;
			attributes = {
				BuildIndependentTargetsInParallel = 1;
				LastSwiftUpdateCheck = 1310;
				LastUpgradeCheck = 1310;
				TargetAttributes = {
					8543C7E72768F33300040A57 = {
						CreatedOnToolsVersion = 13.1;
					};
				};
			};
			buildConfigurationList = 8543C7E32768F33300040A57 /* Build configuration list for PBXProject "My Dogs" */;
			compatibilityVersion = "Xcode 13.0";
			developmentRegion = en;
			hasScannedForEncodings = 0;
			knownRegions = (
				en,
				Base,
			);
			mainGroup = 8543C7DF2768F33300040A57;
			productRefGroup = 8543C7E92768F33300040A57 /* Products */;
			projectDirPath = "";
			projectRoot = "";
			targets = (
				8543C7E72768F33300040A57 /* My Dogs */,
			);
		};
/* End PBXProject section */

/* Begin PBXResourcesBuildPhase section */
		8543C7E62768F33300040A57 /* Resources */ = {
			isa = PBXResourcesBuildPhase;
			buildActionMask = 2147483647;
			files = (
				8543C7FB2768F33500040A57 /* LaunchScreen.storyboard in Resources */,
				8543C7F82768F33500040A57 /* Assets.xcassets in Resources */,
				8543C7F32768F33300040A57 /* Main.storyboard in Resources */,
			);
			runOnlyForDeploymentPostprocessing = 0;
		};
/* End PBXResourcesBuildPhase section */

/* Begin PBXSourcesBuildPhase section */
		8543C7E42768F33300040A57 /* Sources */ = {
			isa = PBXSourcesBuildPhase;
			buildActionMask = 2147483647;
			files = (
				8543C7F02768F33300040A57 /* ViewController.swift in Sources */,
				85C39A7D2770EE5F008FC2E5 /* AddDogDelegate.swift in Sources */,
				8543C7EC2768F33300040A57 /* AppDelegate.swift in Sources */,
				85C39A7F2770F1A6008FC2E5 /* DogCollectionViewCell.swift in Sources */,
				8543C7F62768F33300040A57 /* My_Dogs.xcdatamodeld in Sources */,
				8543C7EE2768F33300040A57 /* SceneDelegate.swift in Sources */,
				8543C8032768F51C00040A57 /* CollectionViewController.swift in Sources */,
			);
			runOnlyForDeploymentPostprocessing = 0;
		};
/* End PBXSourcesBuildPhase section */

/* Begin PBXVariantGroup section */
		8543C7F12768F33300040A57 /* Main.storyboard */ = {
			isa = PBXVariantGroup;
			children = (
				8543C7F22768F33300040A57 /* Base */,
			);
			name = Main.storyboard;
			sourceTree = "<group>";
		};
		8543C7F92768F33500040A57 /* LaunchScreen.storyboard */ = {
			isa = PBXVariantGroup;
			children = (
				8543C7FA2768F33500040A57 /* Base */,
			);
			name = LaunchScreen.storyboard;
			sourceTree = "<group>";
		};
/* End PBXVariantGroup section */

/* Begin XCBuildConfiguration section */
		8543C7FD2768F33500040A57 /* Debug */ = {
			isa = XCBuildConfiguration;
			buildSettings = {
				ALWAYS_SEARCH_USER_PATHS = NO;
				CLANG_ANALYZER_NONNULL = YES;
				CLANG_ANALYZER_NUMBER_OBJECT_CONVERSION = YES_AGGRESSIVE;
				CLANG_CXX_LANGUAGE_STANDARD = "gnu++17";
				CLANG_CXX_LIBRARY = "libc++";
				CLANG_ENABLE_MODULES = YES;
				CLANG_ENABLE_OBJC_ARC = YES;
				CLANG_ENABLE_OBJC_WEAK = YES;
				CLANG_WARN_BLOCK_CAPTURE_AUTORELEASING = YES;
				CLANG_WARN_BOOL_CONVERSION = YES;
				CLANG_WARN_COMMA = YES;
				CLANG_WARN_CONSTANT_CONVERSION = YES;
				CLANG_WARN_DEPRECATED_OBJC_IMPLEMENTATIONS = YES;
				CLANG_WARN_DIRECT_OBJC_ISA_USAGE = YES_ERROR;
				CLANG_WARN_DOCUMENTATION_COMMENTS = YES;
				CLANG_WARN_EMPTY_BODY = YES;
				CLANG_WARN_ENUM_CONVERSION = YES;
				CLANG_WARN_INFINITE_RECURSION = YES;
				CLANG_WARN_INT_CONVERSION = YES;
				CLANG_WARN_NON_LITERAL_NULL_CONVERSION = YES;
				CLANG_WARN_OBJC_IMPLICIT_RETAIN_SELF = YES;
				CLANG_WARN_OBJC_LITERAL_CONVERSION = YES;
				CLANG_WARN_OBJC_ROOT_CLASS = YES_ERROR;
				CLANG_WARN_QUOTED_INCLUDE_IN_FRAMEWORK_HEADER = YES;
				CLANG_WARN_RANGE_LOOP_ANALYSIS = YES;
				CLANG_WARN_STRICT_PROTOTYPES = YES;
				CLANG_WARN_SUSPICIOUS_MOVE = YES;
				CLANG_WARN_UNGUARDED_AVAILABILITY = YES_AGGRESSIVE;
				CLANG_WARN_UNREACHABLE_CODE = YES;
				CLANG_WARN__DUPLICATE_METHOD_MATCH = YES;
				COPY_PHASE_STRIP = NO;
				DEBUG_INFORMATION_FORMAT = dwarf;
				ENABLE_STRICT_OBJC_MSGSEND = YES;
				ENABLE_TESTABILITY = YES;
				GCC_C_LANGUAGE_STANDARD = gnu11;
				GCC_DYNAMIC_NO_PIC = NO;
				GCC_NO_COMMON_BLOCKS = YES;
				GCC_OPTIMIZATION_LEVEL = 0;
				GCC_PREPROCESSOR_DEFINITIONS = (
					"DEBUG=1",
					"$(inherited)",
				);
				GCC_WARN_64_TO_32_BIT_CONVERSION = YES;
				GCC_WARN_ABOUT_RETURN_TYPE = YES_ERROR;
				GCC_WARN_UNDECLARED_SELECTOR = YES;
				GCC_WARN_UNINITIALIZED_AUTOS = YES_AGGRESSIVE;
				GCC_WARN_UNUSED_FUNCTION = YES;
				GCC_WARN_UNUSED_VARIABLE = YES;
				IPHONEOS_DEPLOYMENT_TARGET = 15.0;
				MTL_ENABLE_DEBUG_INFO = INCLUDE_SOURCE;
				MTL_FAST_MATH = YES;
				ONLY_ACTIVE_ARCH = YES;
				SDKROOT = iphoneos;
				SWIFT_ACTIVE_COMPILATION_CONDITIONS = DEBUG;
				SWIFT_OPTIMIZATION_LEVEL = "-Onone";
			};
			name = Debug;
		};
		8543C7FE2768F33500040A57 /* Release */ = {
			isa = XCBuildConfiguration;
			buildSettings = {
				ALWAYS_SEARCH_USER_PATHS = NO;
				CLANG_ANALYZER_NONNULL = YES;
				CLANG_ANALYZER_NUMBER_OBJECT_CONVERSION = YES_AGGRESSIVE;
				CLANG_CXX_LANGUAGE_STANDARD = "gnu++17";
				CLANG_CXX_LIBRARY = "libc++";
				CLANG_ENABLE_MODULES = YES;
				CLANG_ENABLE_OBJC_ARC = YES;
				CLANG_ENABLE_OBJC_WEAK = YES;
				CLANG_WARN_BLOCK_CAPTURE_AUTORELEASING = YES;
				CLANG_WARN_BOOL_CONVERSION = YES;
				CLANG_WARN_COMMA = YES;
				CLANG_WARN_CONSTANT_CONVERSION = YES;
				CLANG_WARN_DEPRECATED_OBJC_IMPLEMENTATIONS = YES;
				CLANG_WARN_DIRECT_OBJC_ISA_USAGE = YES_ERROR;
				CLANG_WARN_DOCUMENTATION_COMMENTS = YES;
				CLANG_WARN_EMPTY_BODY = YES;
				CLANG_WARN_ENUM_CONVERSION = YES;
				CLANG_WARN_INFINITE_RECURSION = YES;
				CLANG_WARN_INT_CONVERSION = YES;
				CLANG_WARN_NON_LITERAL_NULL_CONVERSION = YES;
				CLANG_WARN_OBJC_IMPLICIT_RETAIN_SELF = YES;
				CLANG_WARN_OBJC_LITERAL_CONVERSION = YES;
				CLANG_WARN_OBJC_ROOT_CLASS = YES_ERROR;
				CLANG_WARN_QUOTED_INCLUDE_IN_FRAMEWORK_HEADER = YES;
				CLANG_WARN_RANGE_LOOP_ANALYSIS = YES;
				CLANG_WARN_STRICT_PROTOTYPES = YES;
				CLANG_WARN_SUSPICIOUS_MOVE = YES;
				CLANG_WARN_UNGUARDED_AVAILABILITY = YES_AGGRESSIVE;
				CLANG_WARN_UNREACHABLE_CODE = YES;
				CLANG_WARN__DUPLICATE_METHOD_MATCH = YES;
				COPY_PHASE_STRIP = NO;
				DEBUG_INFORMATION_FORMAT = "dwarf-with-dsym";
				ENABLE_NS_ASSERTIONS = NO;
				ENABLE_STRICT_OBJC_MSGSEND = YES;
				GCC_C_LANGUAGE_STANDARD = gnu11;
				GCC_NO_COMMON_BLOCKS = YES;
				GCC_WARN_64_TO_32_BIT_CONVERSION = YES;
				GCC_WARN_ABOUT_RETURN_TYPE = YES_ERROR;
				GCC_WARN_UNDECLARED_SELECTOR = YES;
				GCC_WARN_UNINITIALIZED_AUTOS = YES_AGGRESSIVE;
				GCC_WARN_UNUSED_FUNCTION = YES;
				GCC_WARN_UNUSED_VARIABLE = YES;
				IPHONEOS_DEPLOYMENT_TARGET = 15.0;
				MTL_ENABLE_DEBUG_INFO = NO;
				MTL_FAST_MATH = YES;
				SDKROOT = iphoneos;
				SWIFT_COMPILATION_MODE = wholemodule;
				SWIFT_OPTIMIZATION_LEVEL = "-O";
				VALIDATE_PRODUCT = YES;
			};
			name = Release;
		};
		8543C8002768F33500040A57 /* Debug */ = {
			isa = XCBuildConfiguration;
			buildSettings = {
				ASSETCATALOG_COMPILER_APPICON_NAME = AppIcon;
				ASSETCATALOG_COMPILER_GLOBAL_ACCENT_COLOR_NAME = AccentColor;
				CODE_SIGN_STYLE = Automatic;
				CURRENT_PROJECT_VERSION = 1;
				DEVELOPMENT_TEAM = 6U56M9YG4Q;
				GENERATE_INFOPLIST_FILE = YES;
				INFOPLIST_FILE = "My Dogs/Info.plist";
				INFOPLIST_KEY_UIApplicationSupportsIndirectInputEvents = YES;
				INFOPLIST_KEY_UILaunchStoryboardName = LaunchScreen;
				INFOPLIST_KEY_UIMainStoryboardFile = Main;
				INFOPLIST_KEY_UISupportedInterfaceOrientations_iPad = "UIInterfaceOrientationPortrait UIInterfaceOrientationPortraitUpsideDown UIInterfaceOrientationLandscapeLeft UIInterfaceOrientationLandscapeRight";
				INFOPLIST_KEY_UISupportedInterfaceOrientations_iPhone = "UIInterfaceOrientationPortrait UIInterfaceOrientationLandscapeLeft UIInterfaceOrientationLandscapeRight";
				LD_RUNPATH_SEARCH_PATHS = (
					"$(inherited)",
					"@executable_path/Frameworks",
				);
				MARKETING_VERSION = 1.0;
				PRODUCT_BUNDLE_IDENTIFIER = "Safa.My-Dogs";
				PRODUCT_NAME = "$(TARGET_NAME)";
				SWIFT_EMIT_LOC_STRINGS = YES;
				SWIFT_VERSION = 5.0;
				TARGETED_DEVICE_FAMILY = "1,2";
			};
			name = Debug;
		};
		8543C8012768F33500040A57 /* Release */ = {
			isa = XCBuildConfiguration;
			buildSettings = {
				ASSETCATALOG_COMPILER_APPICON_NAME = AppIcon;
				ASSETCATALOG_COMPILER_GLOBAL_ACCENT_COLOR_NAME = AccentColor;
				CODE_SIGN_STYLE = Automatic;
				CURRENT_PROJECT_VERSION = 1;
				DEVELOPMENT_TEAM = 6U56M9YG4Q;
				GENERATE_INFOPLIST_FILE = YES;
				INFOPLIST_FILE = "My Dogs/Info.plist";
				INFOPLIST_KEY_UIApplicationSupportsIndirectInputEvents = YES;
				INFOPLIST_KEY_UILaunchStoryboardName = LaunchScreen;
				INFOPLIST_KEY_UIMainStoryboardFile = Main;
				INFOPLIST_KEY_UISupportedInterfaceOrientations_iPad = "UIInterfaceOrientationPortrait UIInterfaceOrientationPortraitUpsideDown UIInterfaceOrientationLandscapeLeft UIInterfaceOrientationLandscapeRight";
				INFOPLIST_KEY_UISupportedInterfaceOrientations_iPhone = "UIInterfaceOrientationPortrait UIInterfaceOrientationLandscapeLeft UIInterfaceOrientationLandscapeRight";
				LD_RUNPATH_SEARCH_PATHS = (
					"$(inherited)",
					"@executable_path/Frameworks",
				);
				MARKETING_VERSION = 1.0;
				PRODUCT_BUNDLE_IDENTIFIER = "Safa.My-Dogs";
				PRODUCT_NAME = "$(TARGET_NAME)";
				SWIFT_EMIT_LOC_STRINGS = YES;
				SWIFT_VERSION = 5.0;
				TARGETED_DEVICE_FAMILY = "1,2";
			};
			name = Release;
		};
/* End XCBuildConfiguration section */

/* Begin XCConfigurationList section */
		8543C7E32768F33300040A57 /* Build configuration list for PBXProject "My Dogs" */ = {
			isa = XCConfigurationList;
			buildConfigurations = (
				8543C7FD2768F33500040A57 /* Debug */,
				8543C7FE2768F33500040A57 /* Release */,
			);
			defaultConfigurationIsVisible = 0;
			defaultConfigurationName = Release;
		};
		8543C7FF2768F33500040A57 /* Build configuration list for PBXNativeTarget "My Dogs" */ = {
			isa = XCConfigurationList;
			buildConfigurations = (
				8543C8002768F33500040A57 /* Debug */,
				8543C8012768F33500040A57 /* Release */,
			);
			defaultConfigurationIsVisible = 0;
			defaultConfigurationName = Release;
		};
/* End XCConfigurationList section */

/* Begin XCVersionGroup section */
		8543C7F42768F33300040A57 /* My_Dogs.xcdatamodeld */ = {
			isa = XCVersionGroup;
			children = (
				8543C7F52768F33300040A57 /* My_Dogs.xcdatamodel */,
			);
			currentVersion = 8543C7F52768F33300040A57 /* My_Dogs.xcdatamodel */;
			path = My_Dogs.xcdatamodeld;
			sourceTree = "<group>";
			versionGroupType = wrapper.xcdatamodel;
		};
/* End XCVersionGroup section */
	};
	rootObject = 8543C7E02768F33300040A57 /* Project object */;
}
